// !$*UTF8*$!
{
	archiveVersion = 1;
	classes = {
	};
	objectVersion = 50;
	objects = {

/* Begin PBXBuildFile section */
		1D0BA6C821A3151500BA1F0A /* AppDelegate.swift in Sources */ = {isa = PBXBuildFile; fileRef = 1D0BA6C721A3151500BA1F0A /* AppDelegate.swift */; };
		1D0BA6CA21A3151500BA1F0A /* ViewController.swift in Sources */ = {isa = PBXBuildFile; fileRef = 1D0BA6C921A3151500BA1F0A /* ViewController.swift */; };
		1D0BA6CD21A3151500BA1F0A /* Main.storyboard in Resources */ = {isa = PBXBuildFile; fileRef = 1D0BA6CB21A3151500BA1F0A /* Main.storyboard */; };
		1D0BA6CF21A3151700BA1F0A /* Assets.xcassets in Resources */ = {isa = PBXBuildFile; fileRef = 1D0BA6CE21A3151700BA1F0A /* Assets.xcassets */; };
		1D0BA6D221A3151700BA1F0A /* LaunchScreen.storyboard in Resources */ = {isa = PBXBuildFile; fileRef = 1D0BA6D021A3151700BA1F0A /* LaunchScreen.storyboard */; };
		1D0BA6DD21A3151700BA1F0A /* project_firebaseTests.swift in Sources */ = {isa = PBXBuildFile; fileRef = 1D0BA6DC21A3151700BA1F0A /* project_firebaseTests.swift */; };
		1D0BA6E821A3151700BA1F0A /* project_firebaseUITests.swift in Sources */ = {isa = PBXBuildFile; fileRef = 1D0BA6E721A3151700BA1F0A /* project_firebaseUITests.swift */; };
/* End PBXBuildFile section */

/* Begin PBXContainerItemProxy section */
		1D0BA6D921A3151700BA1F0A /* PBXContainerItemProxy */ = {
			isa = PBXContainerItemProxy;
			containerPortal = 1D0BA6BC21A3151500BA1F0A /* Project object */;
			proxyType = 1;
			remoteGlobalIDString = 1D0BA6C321A3151500BA1F0A;
			remoteInfo = "project-firebase";
		};
		1D0BA6E421A3151700BA1F0A /* PBXContainerItemProxy */ = {
			isa = PBXContainerItemProxy;
			containerPortal = 1D0BA6BC21A3151500BA1F0A /* Project object */;
			proxyType = 1;
			remoteGlobalIDString = 1D0BA6C321A3151500BA1F0A;
			remoteInfo = "project-firebase";
		};
/* End PBXContainerItemProxy section */

/* Begin PBXFileReference section */
		1D0BA6C421A3151500BA1F0A /* project-firebase.app */ = {isa = PBXFileReference; explicitFileType = wrapper.application; includeInIndex = 0; path = "project-firebase.app"; sourceTree = BUILT_PRODUCTS_DIR; };
		1D0BA6C721A3151500BA1F0A /* AppDelegate.swift */ = {isa = PBXFileReference; lastKnownFileType = sourcecode.swift; path = AppDelegate.swift; sourceTree = "<group>"; };
		1D0BA6C921A3151500BA1F0A /* ViewController.swift */ = {isa = PBXFileReference; lastKnownFileType = sourcecode.swift; path = ViewController.swift; sourceTree = "<group>"; };
		1D0BA6CC21A3151500BA1F0A /* Base */ = {isa = PBXFileReference; lastKnownFileType = file.storyboard; name = Base; path = Base.lproj/Main.storyboard; sourceTree = "<group>"; };
		1D0BA6CE21A3151700BA1F0A /* Assets.xcassets */ = {isa = PBXFileReference; lastKnownFileType = folder.assetcatalog; path = Assets.xcassets; sourceTree = "<group>"; };
		1D0BA6D121A3151700BA1F0A /* Base */ = {isa = PBXFileReference; lastKnownFileType = file.storyboard; name = Base; path = Base.lproj/LaunchScreen.storyboard; sourceTree = "<group>"; };
		1D0BA6D321A3151700BA1F0A /* Info.plist */ = {isa = PBXFileReference; lastKnownFileType = text.plist.xml; path = Info.plist; sourceTree = "<group>"; };
		1D0BA6D821A3151700BA1F0A /* project-firebaseTests.xctest */ = {isa = PBXFileReference; explicitFileType = wrapper.cfbundle; includeInIndex = 0; path = "project-firebaseTests.xctest"; sourceTree = BUILT_PRODUCTS_DIR; };
		1D0BA6DC21A3151700BA1F0A /* project_firebaseTests.swift */ = {isa = PBXFileReference; lastKnownFileType = sourcecode.swift; path = project_firebaseTests.swift; sourceTree = "<group>"; };
		1D0BA6DE21A3151700BA1F0A /* Info.plist */ = {isa = PBXFileReference; lastKnownFileType = text.plist.xml; path = Info.plist; sourceTree = "<group>"; };
		1D0BA6E321A3151700BA1F0A /* project-firebaseUITests.xctest */ = {isa = PBXFileReference; explicitFileType = wrapper.cfbundle; includeInIndex = 0; path = "project-firebaseUITests.xctest"; sourceTree = BUILT_PRODUCTS_DIR; };
		1D0BA6E721A3151700BA1F0A /* project_firebaseUITests.swift */ = {isa = PBXFileReference; lastKnownFileType = sourcecode.swift; path = project_firebaseUITests.swift; sourceTree = "<group>"; };
		1D0BA6E921A3151700BA1F0A /* Info.plist */ = {isa = PBXFileReference; lastKnownFileType = text.plist.xml; path = Info.plist; sourceTree = "<group>"; };
/* End PBXFileReference section */

/* Begin PBXFrameworksBuildPhase section */
		1D0BA6C121A3151500BA1F0A /* Frameworks */ = {
			isa = PBXFrameworksBuildPhase;
			buildActionMask = 2147483647;
			files = (
			);
			runOnlyForDeploymentPostprocessing = 0;
		};
		1D0BA6D521A3151700BA1F0A /* Frameworks */ = {
			isa = PBXFrameworksBuildPhase;
			buildActionMask = 2147483647;
			files = (
			);
			runOnlyForDeploymentPostprocessing = 0;
		};
		1D0BA6E021A3151700BA1F0A /* Frameworks */ = {
			isa = PBXFrameworksBuildPhase;
			buildActionMask = 2147483647;
			files = (
			);
			runOnlyForDeploymentPostprocessing = 0;
		};
/* End PBXFrameworksBuildPhase section */

/* Begin PBXGroup section */
		1D0BA6BB21A3151500BA1F0A = {
			isa = PBXGroup;
			children = (
				1D0BA6C621A3151500BA1F0A /* project-firebase */,
				1D0BA6DB21A3151700BA1F0A /* project-firebaseTests */,
				1D0BA6E621A3151700BA1F0A /* project-firebaseUITests */,
				1D0BA6C521A3151500BA1F0A /* Products */,
			);
			sourceTree = "<group>";
		};
		1D0BA6C521A3151500BA1F0A /* Products */ = {
			isa = PBXGroup;
			children = (
				1D0BA6C421A3151500BA1F0A /* project-firebase.app */,
				1D0BA6D821A3151700BA1F0A /* project-firebaseTests.xctest */,
				1D0BA6E321A3151700BA1F0A /* project-firebaseUITests.xctest */,
			);
			name = Products;
			sourceTree = "<group>";
		};
		1D0BA6C621A3151500BA1F0A /* project-firebase */ = {
			isa = PBXGroup;
			children = (
				1D0BA6C721A3151500BA1F0A /* AppDelegate.swift */,
				1D0BA6C921A3151500BA1F0A /* ViewController.swift */,
				1D0BA6CB21A3151500BA1F0A /* Main.storyboard */,
				1D0BA6CE21A3151700BA1F0A /* Assets.xcassets */,
				1D0BA6D021A3151700BA1F0A /* LaunchScreen.storyboard */,
				1D0BA6D321A3151700BA1F0A /* Info.plist */,
			);
			path = "project-firebase";
			sourceTree = "<group>";
		};
		1D0BA6DB21A3151700BA1F0A /* project-firebaseTests */ = {
			isa = PBXGroup;
			children = (
				1D0BA6DC21A3151700BA1F0A /* project_firebaseTests.swift */,
				1D0BA6DE21A3151700BA1F0A /* Info.plist */,
			);
			path = "project-firebaseTests";
			sourceTree = "<group>";
		};
		1D0BA6E621A3151700BA1F0A /* project-firebaseUITests */ = {
			isa = PBXGroup;
			children = (
				1D0BA6E721A3151700BA1F0A /* project_firebaseUITests.swift */,
				1D0BA6E921A3151700BA1F0A /* Info.plist */,
			);
			path = "project-firebaseUITests";
			sourceTree = "<group>";
		};
/* End PBXGroup section */

/* Begin PBXNativeTarget section */
		1D0BA6C321A3151500BA1F0A /* project-firebase */ = {
			isa = PBXNativeTarget;
			buildConfigurationList = 1D0BA6EC21A3151700BA1F0A /* Build configuration list for PBXNativeTarget "project-firebase" */;
			buildPhases = (
				1D0BA6C021A3151500BA1F0A /* Sources */,
				1D0BA6C121A3151500BA1F0A /* Frameworks */,
				1D0BA6C221A3151500BA1F0A /* Resources */,
			);
			buildRules = (
			);
			dependencies = (
			);
			name = "project-firebase";
			productName = "project-firebase";
			productReference = 1D0BA6C421A3151500BA1F0A /* project-firebase.app */;
			productType = "com.apple.product-type.application";
		};
		1D0BA6D721A3151700BA1F0A /* project-firebaseTests */ = {
			isa = PBXNativeTarget;
			buildConfigurationList = 1D0BA6EF21A3151700BA1F0A /* Build configuration list for PBXNativeTarget "project-firebaseTests" */;
			buildPhases = (
				1D0BA6D421A3151700BA1F0A /* Sources */,
				1D0BA6D521A3151700BA1F0A /* Frameworks */,
				1D0BA6D621A3151700BA1F0A /* Resources */,
			);
			buildRules = (
			);
			dependencies = (
				1D0BA6DA21A3151700BA1F0A /* PBXTargetDependency */,
			);
			name = "project-firebaseTests";
			productName = "project-firebaseTests";
			productReference = 1D0BA6D821A3151700BA1F0A /* project-firebaseTests.xctest */;
			productType = "com.apple.product-type.bundle.unit-test";
		};
		1D0BA6E221A3151700BA1F0A /* project-firebaseUITests */ = {
			isa = PBXNativeTarget;
			buildConfigurationList = 1D0BA6F221A3151700BA1F0A /* Build configuration list for PBXNativeTarget "project-firebaseUITests" */;
			buildPhases = (
				1D0BA6DF21A3151700BA1F0A /* Sources */,
				1D0BA6E021A3151700BA1F0A /* Frameworks */,
				1D0BA6E121A3151700BA1F0A /* Resources */,
			);
			buildRules = (
			);
			dependencies = (
				1D0BA6E521A3151700BA1F0A /* PBXTargetDependency */,
			);
			name = "project-firebaseUITests";
			productName = "project-firebaseUITests";
			productReference = 1D0BA6E321A3151700BA1F0A /* project-firebaseUITests.xctest */;
			productType = "com.apple.product-type.bundle.ui-testing";
		};
/* End PBXNativeTarget section */

/* Begin PBXProject section */
		1D0BA6BC21A3151500BA1F0A /* Project object */ = {
			isa = PBXProject;
			attributes = {
				LastSwiftUpdateCheck = 1010;
				LastUpgradeCheck = 1010;
				ORGANIZATIONNAME = "Ivo Vošahlík";
				TargetAttributes = {
					1D0BA6C321A3151500BA1F0A = {
						CreatedOnToolsVersion = 10.1;
					};
					1D0BA6D721A3151700BA1F0A = {
						CreatedOnToolsVersion = 10.1;
						TestTargetID = 1D0BA6C321A3151500BA1F0A;
					};
					1D0BA6E221A3151700BA1F0A = {
						CreatedOnToolsVersion = 10.1;
						TestTargetID = 1D0BA6C321A3151500BA1F0A;
					};
				};
			};
			buildConfigurationList = 1D0BA6BF21A3151500BA1F0A /* Build configuration list for PBXProject "project-firebase" */;
			compatibilityVersion = "Xcode 9.3";
			developmentRegion = en;
			hasScannedForEncodings = 0;
			knownRegions = (
				en,
				Base,
			);
			mainGroup = 1D0BA6BB21A3151500BA1F0A;
			productRefGroup = 1D0BA6C521A3151500BA1F0A /* Products */;
			projectDirPath = "";
			projectRoot = "";
			targets = (
				1D0BA6C321A3151500BA1F0A /* project-firebase */,
				1D0BA6D721A3151700BA1F0A /* project-firebaseTests */,
				1D0BA6E221A3151700BA1F0A /* project-firebaseUITests */,
			);
		};
/* End PBXProject section */

/* Begin PBXResourcesBuildPhase section */
		1D0BA6C221A3151500BA1F0A /* Resources */ = {
			isa = PBXResourcesBuildPhase;
			buildActionMask = 2147483647;
			files = (
				1D0BA6D221A3151700BA1F0A /* LaunchScreen.storyboard in Resources */,
				1D0BA6CF21A3151700BA1F0A /* Assets.xcassets in Resources */,
				1D0BA6CD21A3151500BA1F0A /* Main.storyboard in Resources */,
			);
			runOnlyForDeploymentPostprocessing = 0;
		};
		1D0BA6D621A3151700BA1F0A /* Resources */ = {
			isa = PBXResourcesBuildPhase;
			buildActionMask = 2147483647;
			files = (
			);
			runOnlyForDeploymentPostprocessing = 0;
		};
		1D0BA6E121A3151700BA1F0A /* Resources */ = {
			isa = PBXResourcesBuildPhase;
			buildActionMask = 2147483647;
			files = (
			);
			runOnlyForDeploymentPostprocessing = 0;
		};
/* End PBXResourcesBuildPhase section */

/* Begin PBXSourcesBuildPhase section */
		1D0BA6C021A3151500BA1F0A /* Sources */ = {
			isa = PBXSourcesBuildPhase;
			buildActionMask = 2147483647;
			files = (
				1D0BA6CA21A3151500BA1F0A /* ViewController.swift in Sources */,
				1D0BA6C821A3151500BA1F0A /* AppDelegate.swift in Sources */,
			);
			runOnlyForDeploymentPostprocessing = 0;
		};
		1D0BA6D421A3151700BA1F0A /* Sources */ = {
			isa = PBXSourcesBuildPhase;
			buildActionMask = 2147483647;
			files = (
				1D0BA6DD21A3151700BA1F0A /* project_firebaseTests.swift in Sources */,
			);
			runOnlyForDeploymentPostprocessing = 0;
		};
		1D0BA6DF21A3151700BA1F0A /* Sources */ = {
			isa = PBXSourcesBuildPhase;
			buildActionMask = 2147483647;
			files = (
				1D0BA6E821A3151700BA1F0A /* project_firebaseUITests.swift in Sources */,
			);
			runOnlyForDeploymentPostprocessing = 0;
		};
/* End PBXSourcesBuildPhase section */

/* Begin PBXTargetDependency section */
		1D0BA6DA21A3151700BA1F0A /* PBXTargetDependency */ = {
			isa = PBXTargetDependency;
			target = 1D0BA6C321A3151500BA1F0A /* project-firebase */;
			targetProxy = 1D0BA6D921A3151700BA1F0A /* PBXContainerItemProxy */;
		};
		1D0BA6E521A3151700BA1F0A /* PBXTargetDependency */ = {
			isa = PBXTargetDependency;
			target = 1D0BA6C321A3151500BA1F0A /* project-firebase */;
			targetProxy = 1D0BA6E421A3151700BA1F0A /* PBXContainerItemProxy */;
		};
/* End PBXTargetDependency section */

/* Begin PBXVariantGroup section */
		1D0BA6CB21A3151500BA1F0A /* Main.storyboard */ = {
			isa = PBXVariantGroup;
			children = (
				1D0BA6CC21A3151500BA1F0A /* Base */,
			);
			name = Main.storyboard;
			sourceTree = "<group>";
		};
		1D0BA6D021A3151700BA1F0A /* LaunchScreen.storyboard */ = {
			isa = PBXVariantGroup;
			children = (
				1D0BA6D121A3151700BA1F0A /* Base */,
			);
			name = LaunchScreen.storyboard;
			sourceTree = "<group>";
		};
/* End PBXVariantGroup section */

/* Begin XCBuildConfiguration section */
		1D0BA6EA21A3151700BA1F0A /* Debug */ = {
			isa = XCBuildConfiguration;
			buildSettings = {
				ALWAYS_SEARCH_USER_PATHS = NO;
				CLANG_ANALYZER_NONNULL = YES;
				CLANG_ANALYZER_NUMBER_OBJECT_CONVERSION = YES_AGGRESSIVE;
				CLANG_CXX_LANGUAGE_STANDARD = "gnu++14";
				CLANG_CXX_LIBRARY = "libc++";
				CLANG_ENABLE_MODULES = YES;
				CLANG_ENABLE_OBJC_ARC = YES;
				CLANG_ENABLE_OBJC_WEAK = YES;
				CLANG_WARN_BLOCK_CAPTURE_AUTORELEASING = YES;
				CLANG_WARN_BOOL_CONVERSION = YES;
				CLANG_WARN_COMMA = YES;
				CLANG_WARN_CONSTANT_CONVERSION = YES;
				CLANG_WARN_DEPRECATED_OBJC_IMPLEMENTATIONS = YES;
				CLANG_WARN_DIRECT_OBJC_ISA_USAGE = YES_ERROR;
				CLANG_WARN_DOCUMENTATION_COMMENTS = YES;
				CLANG_WARN_EMPTY_BODY = YES;
				CLANG_WARN_ENUM_CONVERSION = YES;
				CLANG_WARN_INFINITE_RECURSION = YES;
				CLANG_WARN_INT_CONVERSION = YES;
				CLANG_WARN_NON_LITERAL_NULL_CONVERSION = YES;
				CLANG_WARN_OBJC_IMPLICIT_RETAIN_SELF = YES;
				CLANG_WARN_OBJC_LITERAL_CONVERSION = YES;
				CLANG_WARN_OBJC_ROOT_CLASS = YES_ERROR;
				CLANG_WARN_RANGE_LOOP_ANALYSIS = YES;
				CLANG_WARN_STRICT_PROTOTYPES = YES;
				CLANG_WARN_SUSPICIOUS_MOVE = YES;
				CLANG_WARN_UNGUARDED_AVAILABILITY = YES_AGGRESSIVE;
				CLANG_WARN_UNREACHABLE_CODE = YES;
				CLANG_WARN__DUPLICATE_METHOD_MATCH = YES;
				CODE_SIGN_IDENTITY = "iPhone Developer";
				COPY_PHASE_STRIP = NO;
				DEBUG_INFORMATION_FORMAT = dwarf;
				ENABLE_STRICT_OBJC_MSGSEND = YES;
				ENABLE_TESTABILITY = YES;
				GCC_C_LANGUAGE_STANDARD = gnu11;
				GCC_DYNAMIC_NO_PIC = NO;
				GCC_NO_COMMON_BLOCKS = YES;
				GCC_OPTIMIZATION_LEVEL = 0;
				GCC_PREPROCESSOR_DEFINITIONS = (
					"DEBUG=1",
					"$(inherited)",
				);
				GCC_WARN_64_TO_32_BIT_CONVERSION = YES;
				GCC_WARN_ABOUT_RETURN_TYPE = YES_ERROR;
				GCC_WARN_UNDECLARED_SELECTOR = YES;
				GCC_WARN_UNINITIALIZED_AUTOS = YES_AGGRESSIVE;
				GCC_WARN_UNUSED_FUNCTION = YES;
				GCC_WARN_UNUSED_VARIABLE = YES;
				IPHONEOS_DEPLOYMENT_TARGET = 12.1;
				MTL_ENABLE_DEBUG_INFO = INCLUDE_SOURCE;
				MTL_FAST_MATH = YES;
				ONLY_ACTIVE_ARCH = YES;
				SDKROOT = iphoneos;
				SWIFT_ACTIVE_COMPILATION_CONDITIONS = DEBUG;
				SWIFT_OPTIMIZATION_LEVEL = "-Onone";
			};
			name = Debug;
		};
		1D0BA6EB21A3151700BA1F0A /* Release */ = {
			isa = XCBuildConfiguration;
			buildSettings = {
				ALWAYS_SEARCH_USER_PATHS = NO;
				CLANG_ANALYZER_NONNULL = YES;
				CLANG_ANALYZER_NUMBER_OBJECT_CONVERSION = YES_AGGRESSIVE;
				CLANG_CXX_LANGUAGE_STANDARD = "gnu++14";
				CLANG_CXX_LIBRARY = "libc++";
				CLANG_ENABLE_MODULES = YES;
				CLANG_ENABLE_OBJC_ARC = YES;
				CLANG_ENABLE_OBJC_WEAK = YES;
				CLANG_WARN_BLOCK_CAPTURE_AUTORELEASING = YES;
				CLANG_WARN_BOOL_CONVERSION = YES;
				CLANG_WARN_COMMA = YES;
				CLANG_WARN_CONSTANT_CONVERSION = YES;
				CLANG_WARN_DEPRECATED_OBJC_IMPLEMENTATIONS = YES;
				CLANG_WARN_DIRECT_OBJC_ISA_USAGE = YES_ERROR;
				CLANG_WARN_DOCUMENTATION_COMMENTS = YES;
				CLANG_WARN_EMPTY_BODY = YES;
				CLANG_WARN_ENUM_CONVERSION = YES;
				CLANG_WARN_INFINITE_RECURSION = YES;
				CLANG_WARN_INT_CONVERSION = YES;
				CLANG_WARN_NON_LITERAL_NULL_CONVERSION = YES;
				CLANG_WARN_OBJC_IMPLICIT_RETAIN_SELF = YES;
				CLANG_WARN_OBJC_LITERAL_CONVERSION = YES;
				CLANG_WARN_OBJC_ROOT_CLASS = YES_ERROR;
				CLANG_WARN_RANGE_LOOP_ANALYSIS = YES;
				CLANG_WARN_STRICT_PROTOTYPES = YES;
				CLANG_WARN_SUSPICIOUS_MOVE = YES;
				CLANG_WARN_UNGUARDED_AVAILABILITY = YES_AGGRESSIVE;
				CLANG_WARN_UNREACHABLE_CODE = YES;
				CLANG_WARN__DUPLICATE_METHOD_MATCH = YES;
				CODE_SIGN_IDENTITY = "iPhone Developer";
				COPY_PHASE_STRIP = NO;
				DEBUG_INFORMATION_FORMAT = "dwarf-with-dsym";
				ENABLE_NS_ASSERTIONS = NO;
				ENABLE_STRICT_OBJC_MSGSEND = YES;
				GCC_C_LANGUAGE_STANDARD = gnu11;
				GCC_NO_COMMON_BLOCKS = YES;
				GCC_WARN_64_TO_32_BIT_CONVERSION = YES;
				GCC_WARN_ABOUT_RETURN_TYPE = YES_ERROR;
				GCC_WARN_UNDECLARED_SELECTOR = YES;
				GCC_WARN_UNINITIALIZED_AUTOS = YES_AGGRESSIVE;
				GCC_WARN_UNUSED_FUNCTION = YES;
				GCC_WARN_UNUSED_VARIABLE = YES;
				IPHONEOS_DEPLOYMENT_TARGET = 12.1;
				MTL_ENABLE_DEBUG_INFO = NO;
				MTL_FAST_MATH = YES;
				SDKROOT = iphoneos;
				SWIFT_COMPILATION_MODE = wholemodule;
				SWIFT_OPTIMIZATION_LEVEL = "-O";
				VALIDATE_PRODUCT = YES;
			};
			name = Release;
		};
		1D0BA6ED21A3151700BA1F0A /* Debug */ = {
			isa = XCBuildConfiguration;
			buildSettings = {
				ASSETCATALOG_COMPILER_APPICON_NAME = AppIcon;
				CODE_SIGN_STYLE = Automatic;
				DEVELOPMENT_TEAM = 5AJZ8364TP;
				INFOPLIST_FILE = "project-firebase/Info.plist";
				LD_RUNPATH_SEARCH_PATHS = (
					"$(inherited)",
					"@executable_path/Frameworks",
				);
				PRODUCT_BUNDLE_IDENTIFIER = "cz.ivosahlik.project-firebase";
				PRODUCT_NAME = "$(TARGET_NAME)";
				SWIFT_VERSION = 4.2;
				TARGETED_DEVICE_FAMILY = "1,2";
			};
			name = Debug;
		};
		1D0BA6EE21A3151700BA1F0A /* Release */ = {
			isa = XCBuildConfiguration;
			buildSettings = {
				ASSETCATALOG_COMPILER_APPICON_NAME = AppIcon;
				CODE_SIGN_STYLE = Automatic;
				DEVELOPMENT_TEAM = 5AJZ8364TP;
				INFOPLIST_FILE = "project-firebase/Info.plist";
				LD_RUNPATH_SEARCH_PATHS = (
					"$(inherited)",
					"@executable_path/Frameworks",
				);
				PRODUCT_BUNDLE_IDENTIFIER = "cz.ivosahlik.project-firebase";
				PRODUCT_NAME = "$(TARGET_NAME)";
				SWIFT_VERSION = 4.2;
				TARGETED_DEVICE_FAMILY = "1,2";
			};
			name = Release;
		};
		1D0BA6F021A3151700BA1F0A /* Debug */ = {
			isa = XCBuildConfiguration;
			buildSettings = {
				ALWAYS_EMBED_SWIFT_STANDARD_LIBRARIES = YES;
				BUNDLE_LOADER = "$(TEST_HOST)";
				CODE_SIGN_STYLE = Automatic;
				DEVELOPMENT_TEAM = 5AJZ8364TP;
				INFOPLIST_FILE = "project-firebaseTests/Info.plist";
				LD_RUNPATH_SEARCH_PATHS = (
					"$(inherited)",
					"@executable_path/Frameworks",
					"@loader_path/Frameworks",
				);
				PRODUCT_BUNDLE_IDENTIFIER = "cz.ivosahlik.project-firebaseTests";
				PRODUCT_NAME = "$(TARGET_NAME)";
				SWIFT_VERSION = 4.2;
				TARGETED_DEVICE_FAMILY = "1,2";
				TEST_HOST = "$(BUILT_PRODUCTS_DIR)/project-firebase.app/project-firebase";
			};
			name = Debug;
		};
		1D0BA6F121A3151700BA1F0A /* Release */ = {
			isa = XCBuildConfiguration;
			buildSettings = {
				ALWAYS_EMBED_SWIFT_STANDARD_LIBRARIES = YES;
				BUNDLE_LOADER = "$(TEST_HOST)";
				CODE_SIGN_STYLE = Automatic;
				DEVELOPMENT_TEAM = 5AJZ8364TP;
				INFOPLIST_FILE = "project-firebaseTests/Info.plist";
				LD_RUNPATH_SEARCH_PATHS = (
					"$(inherited)",
					"@executable_path/Frameworks",
					"@loader_path/Frameworks",
				);
				PRODUCT_BUNDLE_IDENTIFIER = "cz.ivosahlik.project-firebaseTests";
				PRODUCT_NAME = "$(TARGET_NAME)";
				SWIFT_VERSION = 4.2;
				TARGETED_DEVICE_FAMILY = "1,2";
				TEST_HOST = "$(BUILT_PRODUCTS_DIR)/project-firebase.app/project-firebase";
			};
			name = Release;
		};
		1D0BA6F321A3151700BA1F0A /* Debug */ = {
			isa = XCBuildConfiguration;
			buildSettings = {
				ALWAYS_EMBED_SWIFT_STANDARD_LIBRARIES = YES;
				CODE_SIGN_STYLE = Automatic;
				DEVELOPMENT_TEAM = 5AJZ8364TP;
				INFOPLIST_FILE = "project-firebaseUITests/Info.plist";
				LD_RUNPATH_SEARCH_PATHS = (
					"$(inherited)",
					"@executable_path/Frameworks",
					"@loader_path/Frameworks",
				);
				PRODUCT_BUNDLE_IDENTIFIER = "cz.ivosahlik.project-firebaseUITests";
				PRODUCT_NAME = "$(TARGET_NAME)";
				SWIFT_VERSION = 4.2;
				TARGETED_DEVICE_FAMILY = "1,2";
				TEST_TARGET_NAME = "project-firebase";
			};
			name = Debug;
		};
		1D0BA6F421A3151700BA1F0A /* Release */ = {
			isa = XCBuildConfiguration;
			buildSettings = {
				ALWAYS_EMBED_SWIFT_STANDARD_LIBRARIES = YES;
				CODE_SIGN_STYLE = Automatic;
				DEVELOPMENT_TEAM = 5AJZ8364TP;
				INFOPLIST_FILE = "project-firebaseUITests/Info.plist";
				LD_RUNPATH_SEARCH_PATHS = (
					"$(inherited)",
					"@executable_path/Frameworks",
					"@loader_path/Frameworks",
				);
				PRODUCT_BUNDLE_IDENTIFIER = "cz.ivosahlik.project-firebaseUITests";
				PRODUCT_NAME = "$(TARGET_NAME)";
				SWIFT_VERSION = 4.2;
				TARGETED_DEVICE_FAMILY = "1,2";
				TEST_TARGET_NAME = "project-firebase";
			};
			name = Release;
		};
/* End XCBuildConfiguration section */

/* Begin XCConfigurationList section */
		1D0BA6BF21A3151500BA1F0A /* Build configuration list for PBXProject "project-firebase" */ = {
			isa = XCConfigurationList;
			buildConfigurations = (
				1D0BA6EA21A3151700BA1F0A /* Debug */,
				1D0BA6EB21A3151700BA1F0A /* Release */,
			);
			defaultConfigurationIsVisible = 0;
			defaultConfigurationName = Release;
		};
		1D0BA6EC21A3151700BA1F0A /* Build configuration list for PBXNativeTarget "project-firebase" */ = {
			isa = XCConfigurationList;
			buildConfigurations = (
				1D0BA6ED21A3151700BA1F0A /* Debug */,
				1D0BA6EE21A3151700BA1F0A /* Release */,
			);
			defaultConfigurationIsVisible = 0;
			defaultConfigurationName = Release;
		};
		1D0BA6EF21A3151700BA1F0A /* Build configuration list for PBXNativeTarget "project-firebaseTests" */ = {
			isa = XCConfigurationList;
			buildConfigurations = (
				1D0BA6F021A3151700BA1F0A /* Debug */,
				1D0BA6F121A3151700BA1F0A /* Release */,
			);
			defaultConfigurationIsVisible = 0;
			defaultConfigurationName = Release;
		};
		1D0BA6F221A3151700BA1F0A /* Build configuration list for PBXNativeTarget "project-firebaseUITests" */ = {
			isa = XCConfigurationList;
			buildConfigurations = (
				1D0BA6F321A3151700BA1F0A /* Debug */,
				1D0BA6F421A3151700BA1F0A /* Release */,
			);
			defaultConfigurationIsVisible = 0;
			defaultConfigurationName = Release;
		};
/* End XCConfigurationList section */
	};
	rootObject = 1D0BA6BC21A3151500BA1F0A /* Project object */;
}
